
Microsoft Visual Studio Solution File, Format Version 12.00
Project("{FAE04EC0-301F-11D3-BF4B-00C04F79EFBC}") = "Grpc", "Grpc\Grpc.csproj", "{C70928D1-4E13-41B4-BF1C-00FBD11C2102}"
EndProject
Project("{FAE04EC0-301F-11D3-BF4B-00C04F79EFBC}") = "Client", "Client\Client.csproj", "{2A110CE8-1E72-4233-997C-B3ECB1A647CE}"
EndProject
Global
	GlobalSection(SolutionConfigurationPlatforms) = preSolution
		Debug|Any CPU = Debug|Any CPU
		Release|Any CPU = Release|Any CPU
	EndGlobalSection
	GlobalSection(ProjectConfigurationPlatforms) = postSolution
		{C70928D1-4E13-41B4-BF1C-00FBD11C2102}.Debug|Any CPU.ActiveCfg = Debug|Any CPU
		{C70928D1-4E13-41B4-BF1C-00FBD11C2102}.Debug|Any CPU.Build.0 = Debug|Any CPU
		{C70928D1-4E13-41B4-BF1C-00FBD11C2102}.Release|Any CPU.ActiveCfg = Release|Any CPU
		{C70928D1-4E13-41B4-BF1C-00FBD11C2102}.Release|Any CPU.Build.0 = Release|Any CPU
		{2A110CE8-1E72-4233-997C-B3ECB1A647CE}.Debug|Any CPU.ActiveCfg = Debug|Any CPU
		{2A110CE8-1E72-4233-997C-B3ECB1A647CE}.Debug|Any CPU.Build.0 = Debug|Any CPU
		{2A110CE8-1E72-4233-997C-B3ECB1A647CE}.Release|Any CPU.ActiveCfg = Release|Any CPU
		{2A110CE8-1E72-4233-997C-B3ECB1A647CE}.Release|Any CPU.Build.0 = Release|Any CPU
	EndGlobalSection
EndGlobal
